FORGE
  remote: https://forgeapi.puppetlabs.com
  specs:
    puppetlabs-concat (1.2.5)
      puppetlabs-stdlib (< 5.0.0, >= 3.2.0)
    puppetlabs-stdlib (4.13.1)
    saz-sudo (3.1.0)
      puppetlabs-stdlib (< 5.0.0, >= 2.3.0)
    stahnma-epel (1.2.2)
      puppetlabs-stdlib (>= 3.0.0)

GIT
  remote: https://github.com/jleloup/puppet-python.git
  ref: rename-pip-package
  sha: 737e9f2f5994d2f4165ea7832ef575816a2b2123
  specs:
    stankevich-python (1.18.0)
      puppetlabs-stdlib (< 6.0.0, >= 4.6.0)
      stahnma-epel (< 2.0.0, >= 1.2.2)

DEPENDENCIES
  puppetlabs-concat (~> 1.0)
  puppetlabs-stdlib (< 5.0.0, >= 1.0.0)
  saz-sudo (>= 0)
  stahnma-epel (~> 1.0)
  stankevich-python (>= 0)

